<?xml version="1.0" encoding="UTF-8"?>
<!DOCTYPE plist PUBLIC "-//Apple//DTD PLIST 1.0//EN" "http://www.apple.com/DTDs/PropertyList-1.0.dtd">
<plist version="1.0">
<dict>
	<key>archiveVersion</key>
	<string>1</string>
	<key>classes</key>
	<dict/>
	<key>objectVersion</key>
	<string>46</string>
	<key>objects</key>
	<dict>
		<key>015B588F1D52048200A53B1E</key>
		<dict>
			<key>fileEncoding</key>
			<string>4</string>
			<key>isa</key>
			<string>PBXFileReference</string>
			<key>lastKnownFileType</key>
			<string>sourcecode.swift</string>
			<key>path</key>
			<string>AddMenuItemViC.swift</string>
			<key>sourceTree</key>
			<string>&lt;group&gt;</string>
		</dict>
		<key>015B58901D52048200A53B1E</key>
		<dict>
			<key>fileRef</key>
			<string>015B588F1D52048200A53B1E</string>
			<key>isa</key>
			<string>PBXBuildFile</string>
		</dict>
		<key>015B58911D521FB300A53B1E</key>
		<dict>
			<key>fileEncoding</key>
			<string>4</string>
			<key>isa</key>
			<string>PBXFileReference</string>
			<key>lastKnownFileType</key>
			<string>sourcecode.swift</string>
			<key>name</key>
			<string>MenuItems1ViewController.swift</string>
			<key>path</key>
			<string>../MenuItems1ViewController.swift</string>
			<key>sourceTree</key>
			<string>&lt;group&gt;</string>
		</dict>
		<key>015B58921D521FB300A53B1E</key>
		<dict>
			<key>fileRef</key>
			<string>015B58911D521FB300A53B1E</string>
			<key>isa</key>
			<string>PBXBuildFile</string>
		</dict>
		<key>15B3B1BF113D9AC35FD9A5E0</key>
		<dict>
			<key>buildActionMask</key>
			<string>2147483647</string>
			<key>files</key>
			<array/>
			<key>inputPaths</key>
			<array/>
			<key>isa</key>
			<string>PBXShellScriptBuildPhase</string>
			<key>name</key>
			<string>&#128230; Copy Pods Resources</string>
			<key>outputPaths</key>
			<array/>
			<key>runOnlyForDeploymentPostprocessing</key>
			<string>0</string>
			<key>shellPath</key>
			<string>/bin/sh</string>
			<key>shellScript</key>
			<string>"${SRCROOT}/Pods/Target Support Files/Pods-DishemMerchant/Pods-DishemMerchant-resources.sh"
</string>
			<key>showEnvVarsInLog</key>
			<string>0</string>
		</dict>
		<key>406E5228082C754D356ECEC8</key>
		<dict>
			<key>children</key>
			<array>
				<string>FCCFD71824F30173DEDEE7C8</string>
			</array>
			<key>isa</key>
			<string>PBXGroup</string>
			<key>name</key>
			<string>Frameworks</string>
			<key>sourceTree</key>
			<string>&lt;group&gt;</string>
		</dict>
		<key>9D4D23381D5ABA2300121A9C</key>
		<dict>
			<key>fileEncoding</key>
			<string>4</string>
			<key>isa</key>
			<string>PBXFileReference</string>
			<key>lastKnownFileType</key>
			<string>file.storyboard</string>
			<key>path</key>
			<string>sriniBoard.storyboard</string>
			<key>sourceTree</key>
			<string>&lt;group&gt;</string>
		</dict>
		<key>9D4D23391D5ABA2300121A9C</key>
		<dict>
			<key>fileRef</key>
			<string>9D4D23381D5ABA2300121A9C</string>
			<key>isa</key>
			<string>PBXBuildFile</string>
		</dict>
		<key>9D7FAE331D5DD63000528782</key>
		<dict>
			<key>fileEncoding</key>
			<string>4</string>
			<key>isa</key>
			<string>PBXFileReference</string>
			<key>lastKnownFileType</key>
			<string>sourcecode.swift</string>
			<key>path</key>
			<string>SriniDashboardVC.swift</string>
			<key>sourceTree</key>
			<string>&lt;group&gt;</string>
		</dict>
		<key>9D7FAE341D5DD63000528782</key>
		<dict>
			<key>fileRef</key>
			<string>9D7FAE331D5DD63000528782</string>
			<key>isa</key>
			<string>PBXBuildFile</string>
		</dict>
		<key>B26CA8551DA756EB44019B1C</key>
		<dict>
			<key>includeInIndex</key>
			<string>1</string>
			<key>isa</key>
			<string>PBXFileReference</string>
			<key>lastKnownFileType</key>
			<string>text.xcconfig</string>
			<key>name</key>
			<string>Pods-DishemMerchant.debug.xcconfig</string>
			<key>path</key>
			<string>Pods/Target Support Files/Pods-DishemMerchant/Pods-DishemMerchant.debug.xcconfig</string>
			<key>sourceTree</key>
			<string>&lt;group&gt;</string>
		</dict>
		<key>B486DDC4C0E088E5E313EE72</key>
		<dict>
			<key>fileRef</key>
			<string>FCCFD71824F30173DEDEE7C8</string>
			<key>isa</key>
			<string>PBXBuildFile</string>
		</dict>
		<key>B4B8E7D205CABBBE24C09113</key>
		<dict>
			<key>buildActionMask</key>
			<string>2147483647</string>
			<key>files</key>
			<array/>
			<key>inputPaths</key>
			<array/>
			<key>isa</key>
			<string>PBXShellScriptBuildPhase</string>
			<key>name</key>
			<string>&#128230; Check Pods Manifest.lock</string>
			<key>outputPaths</key>
			<array/>
			<key>runOnlyForDeploymentPostprocessing</key>
			<string>0</string>
			<key>shellPath</key>
			<string>/bin/sh</string>
			<key>shellScript</key>
			<string>diff "${PODS_ROOT}/../Podfile.lock" "${PODS_ROOT}/Manifest.lock" &gt; /dev/null
if [[ $? != 0 ]] ; then
    cat &lt;&lt; EOM
error: The sandbox is not in sync with the Podfile.lock. Run 'pod install' or update your CocoaPods installation.
EOM
    exit 1
fi
</string>
			<key>showEnvVarsInLog</key>
			<string>0</string>
		</dict>
		<key>BF5BC3AD9C5ACB6AA4E02D1B</key>
		<dict>
			<key>buildActionMask</key>
			<string>2147483647</string>
			<key>files</key>
			<array/>
			<key>inputPaths</key>
			<array/>
			<key>isa</key>
			<string>PBXShellScriptBuildPhase</string>
			<key>name</key>
			<string>&#128230; Embed Pods Frameworks</string>
			<key>outputPaths</key>
			<array/>
			<key>runOnlyForDeploymentPostprocessing</key>
			<string>0</string>
			<key>shellPath</key>
			<string>/bin/sh</string>
			<key>shellScript</key>
			<string>"${SRCROOT}/Pods/Target Support Files/Pods-DishemMerchant/Pods-DishemMerchant-frameworks.sh"
</string>
			<key>showEnvVarsInLog</key>
			<string>0</string>
		</dict>
		<key>C3473AE41D4233A900A44CC3</key>
		<dict>
			<key>children</key>
			<array>
				<string>FA8219ED1D5B0F7700495B54</string>
				<string>C3473AEF1D4233A900A44CC3</string>
				<string>C3473AEE1D4233A900A44CC3</string>
				<string>FBFD20F95204ABAA3DF1556F</string>
				<string>406E5228082C754D356ECEC8</string>
			</array>
			<key>isa</key>
			<string>PBXGroup</string>
			<key>sourceTree</key>
			<string>&lt;group&gt;</string>
		</dict>
		<key>C3473AE51D4233A900A44CC3</key>
		<dict>
			<key>attributes</key>
			<dict>
				<key>LastSwiftUpdateCheck</key>
				<string>0730</string>
				<key>LastUpgradeCheck</key>
				<string>0730</string>
				<key>ORGANIZATIONNAME</key>
				<string>Dishem</string>
				<key>TargetAttributes</key>
				<dict>
					<key>C3473AEC1D4233A900A44CC3</key>
					<dict>
						<key>CreatedOnToolsVersion</key>
						<string>7.3.1</string>
						<key>DevelopmentTeam</key>
						<string>LMYKZ4EGC6</string>
						<key>LastSwiftMigration</key>
						<string>0800</string>
					</dict>
				</dict>
			</dict>
			<key>buildConfigurationList</key>
			<string>C3473AE81D4233A900A44CC3</string>
			<key>compatibilityVersion</key>
			<string>Xcode 3.2</string>
			<key>developmentRegion</key>
			<string>English</string>
			<key>hasScannedForEncodings</key>
			<string>0</string>
			<key>isa</key>
			<string>PBXProject</string>
			<key>knownRegions</key>
			<array>
				<string>en</string>
				<string>Base</string>
			</array>
			<key>mainGroup</key>
			<string>C3473AE41D4233A900A44CC3</string>
			<key>productRefGroup</key>
			<string>C3473AEE1D4233A900A44CC3</string>
			<key>projectDirPath</key>
			<string></string>
			<key>projectReferences</key>
			<array/>
			<key>projectRoot</key>
			<string></string>
			<key>targets</key>
			<array>
				<string>C3473AEC1D4233A900A44CC3</string>
			</array>
		</dict>
		<key>C3473AE81D4233A900A44CC3</key>
		<dict>
			<key>buildConfigurations</key>
			<array>
				<string>C3473AFD1D4233AA00A44CC3</string>
				<string>C3473AFE1D4233AA00A44CC3</string>
			</array>
			<key>defaultConfigurationIsVisible</key>
			<string>0</string>
			<key>defaultConfigurationName</key>
			<string>Release</string>
			<key>isa</key>
			<string>XCConfigurationList</string>
		</dict>
		<key>C3473AE91D4233A900A44CC3</key>
		<dict>
			<key>buildActionMask</key>
			<string>2147483647</string>
			<key>files</key>
			<array>
				<string>9D7FAE341D5DD63000528782</string>
				<string>C3473B1E1D42340100A44CC3</string>
				<string>C3473B231D42340100A44CC3</string>
				<string>C3473B271D42340100A44CC3</string>
				<string>EF20295B1D64851D00F232AC</string>
				<string>C3473B2B1D423B6600A44CC3</string>
				<string>C3473B1D1D42340100A44CC3</string>
				<string>EFF272531D6322BB00DE7F91</string>
				<string>C3473B1A1D42340100A44CC3</string>
				<string>015B58901D52048200A53B1E</string>
				<string>C3473B1F1D42340100A44CC3</string>
				<string>FA8219F01D5B3CB800495B54</string>
				<string>C3473B251D42340100A44CC3</string>
				<string>C3473B201D42340100A44CC3</string>
				<string>EF2029551D6483A100F232AC</string>
				<string>EFF272551D63237300DE7F91</string>
				<string>015B58921D521FB300A53B1E</string>
				<string>C3473B171D42340100A44CC3</string>
				<string>EF2029591D6484B400F232AC</string>
				<string>C3473B221D42340100A44CC3</string>
				<string>C3473B181D42340100A44CC3</string>
				<string>FAB08CE51D54BEBD005965D1</string>
				<string>EF544F671D6333130078B80A</string>
				<string>C3473AF11D4233A900A44CC3</string>
				<string>C3473B191D42340100A44CC3</string>
				<string>C3473B211D42340100A44CC3</string>
				<string>C3473B241D42340100A44CC3</string>
				<string>FA8219F21D5B508A00495B54</string>
				<string>C3473B261D42340100A44CC3</string>
				<string>C3473B1C1D42340100A44CC3</string>
				<string>C3473B1B1D42340100A44CC3</string>
			</array>
			<key>isa</key>
			<string>PBXSourcesBuildPhase</string>
			<key>runOnlyForDeploymentPostprocessing</key>
			<string>0</string>
		</dict>
		<key>C3473AEA1D4233A900A44CC3</key>
		<dict>
			<key>buildActionMask</key>
			<string>2147483647</string>
			<key>files</key>
			<array>
				<string>B486DDC4C0E088E5E313EE72</string>
			</array>
			<key>isa</key>
			<string>PBXFrameworksBuildPhase</string>
			<key>runOnlyForDeploymentPostprocessing</key>
			<string>0</string>
		</dict>
		<key>C3473AEB1D4233A900A44CC3</key>
		<dict>
			<key>buildActionMask</key>
			<string>2147483647</string>
			<key>files</key>
			<array>
				<string>FAC2C94E1D54FA8800779FE3</string>
				<string>FAC2C94B1D54FA5C00779FE3</string>
				<string>FAC2C94A1D54FA5C00779FE3</string>
				<string>9D4D23391D5ABA2300121A9C</string>
				<string>EFB15C4F1D585031009B7BC7</string>
				<string>FAC2C9471D54C9F000779FE3</string>
				<string>FAC2C9521D54FAAA00779FE3</string>
				<string>FA4A7D591D53530100D1F3F7</string>
				<string>FAC2C9561D54FABA00779FE3</string>
				<string>FAC2C9541D54FAB100779FE3</string>
				<string>FA8219EE1D5B0F7700495B54</string>
				<string>C3473AFB1D4233AA00A44CC3</string>
				<string>FAC2C9501D54FA9D00779FE3</string>
				<string>FAC2C9581D54FAC100779FE3</string>
				<string>C3473AF81D4233AA00A44CC3</string>
				<string>C3473B031D4233CF00A44CC3</string>
			</array>
			<key>isa</key>
			<string>PBXResourcesBuildPhase</string>
			<key>runOnlyForDeploymentPostprocessing</key>
			<string>0</string>
		</dict>
		<key>C3473AEC1D4233A900A44CC3</key>
		<dict>
			<key>buildConfigurationList</key>
			<string>C3473AFF1D4233AA00A44CC3</string>
			<key>buildPhases</key>
			<array>
				<string>B4B8E7D205CABBBE24C09113</string>
				<string>C3473AE91D4233A900A44CC3</string>
				<string>C3473AEA1D4233A900A44CC3</string>
				<string>C3473AEB1D4233A900A44CC3</string>
				<string>BF5BC3AD9C5ACB6AA4E02D1B</string>
				<string>15B3B1BF113D9AC35FD9A5E0</string>
			</array>
			<key>buildRules</key>
			<array/>
			<key>dependencies</key>
			<array/>
			<key>isa</key>
			<string>PBXNativeTarget</string>
			<key>name</key>
			<string>DishemMerchant</string>
			<key>productName</key>
			<string>DishemMerchant</string>
			<key>productReference</key>
			<string>C3473AED1D4233A900A44CC3</string>
			<key>productType</key>
			<string>com.apple.product-type.application</string>
		</dict>
		<key>C3473AED1D4233A900A44CC3</key>
		<dict>
			<key>explicitFileType</key>
			<string>wrapper.application</string>
			<key>includeInIndex</key>
			<string>0</string>
			<key>isa</key>
			<string>PBXFileReference</string>
			<key>path</key>
			<string>DishemMerchant.app</string>
			<key>sourceTree</key>
			<string>BUILT_PRODUCTS_DIR</string>
		</dict>
		<key>C3473AEE1D4233A900A44CC3</key>
		<dict>
			<key>children</key>
			<array>
				<string>C3473AED1D4233A900A44CC3</string>
			</array>
			<key>isa</key>
			<string>PBXGroup</string>
			<key>name</key>
			<string>Products</string>
			<key>sourceTree</key>
			<string>&lt;group&gt;</string>
		</dict>
		<key>C3473AEF1D4233A900A44CC3</key>
		<dict>
			<key>children</key>
			<array>
				<string>C3473AF01D4233A900A44CC3</string>
				<string>FA783F831D5AE31800389B22</string>
				<string>FA783F841D5AE33000389B22</string>
				<string>FAC2C94C1D54FA6E00779FE3</string>
				<string>C3473AF71D4233AA00A44CC3</string>
				<string>C3473AFC1D4233AA00A44CC3</string>
			</array>
			<key>isa</key>
			<string>PBXGroup</string>
			<key>path</key>
			<string>DishemMerchant</string>
			<key>sourceTree</key>
			<string>&lt;group&gt;</string>
		</dict>
		<key>C3473AF01D4233A900A44CC3</key>
		<dict>
			<key>isa</key>
			<string>PBXFileReference</string>
			<key>lastKnownFileType</key>
			<string>sourcecode.swift</string>
			<key>path</key>
			<string>AppDelegate.swift</string>
			<key>sourceTree</key>
			<string>&lt;group&gt;</string>
		</dict>
		<key>C3473AF11D4233A900A44CC3</key>
		<dict>
			<key>fileRef</key>
			<string>C3473AF01D4233A900A44CC3</string>
			<key>isa</key>
			<string>PBXBuildFile</string>
		</dict>
		<key>C3473AF71D4233AA00A44CC3</key>
		<dict>
			<key>isa</key>
			<string>PBXFileReference</string>
			<key>lastKnownFileType</key>
			<string>folder.assetcatalog</string>
			<key>path</key>
			<string>Assets.xcassets</string>
			<key>sourceTree</key>
			<string>&lt;group&gt;</string>
		</dict>
		<key>C3473AF81D4233AA00A44CC3</key>
		<dict>
			<key>fileRef</key>
			<string>C3473AF71D4233AA00A44CC3</string>
			<key>isa</key>
			<string>PBXBuildFile</string>
		</dict>
		<key>C3473AF91D4233AA00A44CC3</key>
		<dict>
			<key>children</key>
			<array>
				<string>C3473AFA1D4233AA00A44CC3</string>
			</array>
			<key>isa</key>
			<string>PBXVariantGroup</string>
			<key>name</key>
			<string>LaunchScreen.storyboard</string>
			<key>sourceTree</key>
			<string>&lt;group&gt;</string>
		</dict>
		<key>C3473AFA1D4233AA00A44CC3</key>
		<dict>
			<key>isa</key>
			<string>PBXFileReference</string>
			<key>lastKnownFileType</key>
			<string>file.storyboard</string>
			<key>name</key>
			<string>Base</string>
			<key>path</key>
			<string>Base.lproj/LaunchScreen.storyboard</string>
			<key>sourceTree</key>
			<string>&lt;group&gt;</string>
		</dict>
		<key>C3473AFB1D4233AA00A44CC3</key>
		<dict>
			<key>fileRef</key>
			<string>C3473AF91D4233AA00A44CC3</string>
			<key>isa</key>
			<string>PBXBuildFile</string>
		</dict>
		<key>C3473AFC1D4233AA00A44CC3</key>
		<dict>
			<key>isa</key>
			<string>PBXFileReference</string>
			<key>lastKnownFileType</key>
			<string>text.plist.xml</string>
			<key>path</key>
			<string>Info.plist</string>
			<key>sourceTree</key>
			<string>&lt;group&gt;</string>
		</dict>
		<key>C3473AFD1D4233AA00A44CC3</key>
		<dict>
			<key>buildSettings</key>
			<dict>
				<key>ALWAYS_SEARCH_USER_PATHS</key>
				<string>NO</string>
				<key>CLANG_ANALYZER_NONNULL</key>
				<string>YES</string>
				<key>CLANG_CXX_LANGUAGE_STANDARD</key>
				<string>gnu++0x</string>
				<key>CLANG_CXX_LIBRARY</key>
				<string>libc++</string>
				<key>CLANG_ENABLE_MODULES</key>
				<string>YES</string>
				<key>CLANG_ENABLE_OBJC_ARC</key>
				<string>YES</string>
				<key>CLANG_WARN_BOOL_CONVERSION</key>
				<string>YES</string>
				<key>CLANG_WARN_CONSTANT_CONVERSION</key>
				<string>YES</string>
				<key>CLANG_WARN_DIRECT_OBJC_ISA_USAGE</key>
				<string>YES_ERROR</string>
				<key>CLANG_WARN_EMPTY_BODY</key>
				<string>YES</string>
				<key>CLANG_WARN_ENUM_CONVERSION</key>
				<string>YES</string>
				<key>CLANG_WARN_INT_CONVERSION</key>
				<string>YES</string>
				<key>CLANG_WARN_OBJC_ROOT_CLASS</key>
				<string>YES_ERROR</string>
				<key>CLANG_WARN_UNREACHABLE_CODE</key>
				<string>YES</string>
				<key>CLANG_WARN__DUPLICATE_METHOD_MATCH</key>
				<string>YES</string>
				<key>CODE_SIGN_IDENTITY[sdk=iphoneos*]</key>
				<string>iPhone Developer</string>
				<key>COPY_PHASE_STRIP</key>
				<string>NO</string>
				<key>DEBUG_INFORMATION_FORMAT</key>
				<string>dwarf</string>
				<key>ENABLE_STRICT_OBJC_MSGSEND</key>
				<string>YES</string>
				<key>ENABLE_TESTABILITY</key>
				<string>YES</string>
				<key>GCC_C_LANGUAGE_STANDARD</key>
				<string>gnu99</string>
				<key>GCC_DYNAMIC_NO_PIC</key>
				<string>NO</string>
				<key>GCC_NO_COMMON_BLOCKS</key>
				<string>YES</string>
				<key>GCC_OPTIMIZATION_LEVEL</key>
				<string>0</string>
				<key>GCC_PREPROCESSOR_DEFINITIONS</key>
				<array>
					<string>DEBUG=1</string>
					<string>$(inherited)</string>
				</array>
				<key>GCC_WARN_64_TO_32_BIT_CONVERSION</key>
				<string>YES</string>
				<key>GCC_WARN_ABOUT_RETURN_TYPE</key>
				<string>YES_ERROR</string>
				<key>GCC_WARN_UNDECLARED_SELECTOR</key>
				<string>YES</string>
				<key>GCC_WARN_UNINITIALIZED_AUTOS</key>
				<string>YES_AGGRESSIVE</string>
				<key>GCC_WARN_UNUSED_FUNCTION</key>
				<string>YES</string>
				<key>GCC_WARN_UNUSED_VARIABLE</key>
				<string>YES</string>
				<key>IPHONEOS_DEPLOYMENT_TARGET</key>
				<string>9.3</string>
				<key>MTL_ENABLE_DEBUG_INFO</key>
				<string>YES</string>
				<key>ONLY_ACTIVE_ARCH</key>
				<string>YES</string>
				<key>SDKROOT</key>
				<string>iphoneos</string>
				<key>SWIFT_OPTIMIZATION_LEVEL</key>
				<string>-Onone</string>
			</dict>
			<key>isa</key>
			<string>XCBuildConfiguration</string>
			<key>name</key>
			<string>Debug</string>
		</dict>
		<key>C3473AFE1D4233AA00A44CC3</key>
		<dict>
			<key>buildSettings</key>
			<dict>
				<key>ALWAYS_SEARCH_USER_PATHS</key>
				<string>NO</string>
				<key>CLANG_ANALYZER_NONNULL</key>
				<string>YES</string>
				<key>CLANG_CXX_LANGUAGE_STANDARD</key>
				<string>gnu++0x</string>
				<key>CLANG_CXX_LIBRARY</key>
				<string>libc++</string>
				<key>CLANG_ENABLE_MODULES</key>
				<string>YES</string>
				<key>CLANG_ENABLE_OBJC_ARC</key>
				<string>YES</string>
				<key>CLANG_WARN_BOOL_CONVERSION</key>
				<string>YES</string>
				<key>CLANG_WARN_CONSTANT_CONVERSION</key>
				<string>YES</string>
				<key>CLANG_WARN_DIRECT_OBJC_ISA_USAGE</key>
				<string>YES_ERROR</string>
				<key>CLANG_WARN_EMPTY_BODY</key>
				<string>YES</string>
				<key>CLANG_WARN_ENUM_CONVERSION</key>
				<string>YES</string>
				<key>CLANG_WARN_INT_CONVERSION</key>
				<string>YES</string>
				<key>CLANG_WARN_OBJC_ROOT_CLASS</key>
				<string>YES_ERROR</string>
				<key>CLANG_WARN_UNREACHABLE_CODE</key>
				<string>YES</string>
				<key>CLANG_WARN__DUPLICATE_METHOD_MATCH</key>
				<string>YES</string>
				<key>CODE_SIGN_IDENTITY[sdk=iphoneos*]</key>
				<string>iPhone Developer</string>
				<key>COPY_PHASE_STRIP</key>
				<string>NO</string>
				<key>DEBUG_INFORMATION_FORMAT</key>
				<string>dwarf-with-dsym</string>
				<key>ENABLE_NS_ASSERTIONS</key>
				<string>NO</string>
				<key>ENABLE_STRICT_OBJC_MSGSEND</key>
				<string>YES</string>
				<key>GCC_C_LANGUAGE_STANDARD</key>
				<string>gnu99</string>
				<key>GCC_NO_COMMON_BLOCKS</key>
				<string>YES</string>
				<key>GCC_WARN_64_TO_32_BIT_CONVERSION</key>
				<string>YES</string>
				<key>GCC_WARN_ABOUT_RETURN_TYPE</key>
				<string>YES_ERROR</string>
				<key>GCC_WARN_UNDECLARED_SELECTOR</key>
				<string>YES</string>
				<key>GCC_WARN_UNINITIALIZED_AUTOS</key>
				<string>YES_AGGRESSIVE</string>
				<key>GCC_WARN_UNUSED_FUNCTION</key>
				<string>YES</string>
				<key>GCC_WARN_UNUSED_VARIABLE</key>
				<string>YES</string>
				<key>IPHONEOS_DEPLOYMENT_TARGET</key>
				<string>9.3</string>
				<key>MTL_ENABLE_DEBUG_INFO</key>
				<string>NO</string>
				<key>SDKROOT</key>
				<string>iphoneos</string>
				<key>VALIDATE_PRODUCT</key>
				<string>YES</string>
			</dict>
			<key>isa</key>
			<string>XCBuildConfiguration</string>
			<key>name</key>
			<string>Release</string>
		</dict>
		<key>C3473AFF1D4233AA00A44CC3</key>
		<dict>
			<key>buildConfigurations</key>
			<array>
				<string>C3473B001D4233AA00A44CC3</string>
				<string>C3473B011D4233AA00A44CC3</string>
			</array>
			<key>defaultConfigurationIsVisible</key>
			<string>0</string>
			<key>defaultConfigurationName</key>
			<string>Release</string>
			<key>isa</key>
			<string>XCConfigurationList</string>
		</dict>
		<key>C3473B001D4233AA00A44CC3</key>
		<dict>
			<key>baseConfigurationReference</key>
			<string>B26CA8551DA756EB44019B1C</string>
			<key>buildSettings</key>
			<dict>
				<key>ASSETCATALOG_COMPILER_APPICON_NAME</key>
				<string>AppIcon</string>
				<key>CODE_SIGN_IDENTITY</key>
				<string>iPhone Developer</string>
				<key>CODE_SIGN_IDENTITY[sdk=iphoneos*]</key>
				<string>iPhone Developer</string>
				<key>DEVELOPMENT_TEAM</key>
				<string>LMYKZ4EGC6</string>
				<key>INFOPLIST_FILE</key>
				<string>DishemMerchant/Info.plist</string>
				<key>IPHONEOS_DEPLOYMENT_TARGET</key>
				<string>10.0</string>
				<key>LD_RUNPATH_SEARCH_PATHS</key>
				<string>$(inherited) @executable_path/Frameworks</string>
				<key>PRODUCT_BUNDLE_IDENTIFIER</key>
				<string>com.dishem.DishemBusiness</string>
				<key>PRODUCT_NAME</key>
				<string>$(TARGET_NAME)</string>
				<key>PROVISIONING_PROFILE</key>
				<string></string>
				<key>SWIFT_VERSION</key>
				<string>3.0</string>
				<key>TARGETED_DEVICE_FAMILY</key>
				<string>1,2</string>
			</dict>
			<key>isa</key>
			<string>XCBuildConfiguration</string>
			<key>name</key>
			<string>Debug</string>
		</dict>
		<key>C3473B011D4233AA00A44CC3</key>
		<dict>
			<key>baseConfigurationReference</key>
			<string>D275E62F183D4C9BB0A4D854</string>
			<key>buildSettings</key>
			<dict>
				<key>ASSETCATALOG_COMPILER_APPICON_NAME</key>
				<string>AppIcon</string>
				<key>CODE_SIGN_IDENTITY</key>
				<string>iPhone Developer</string>
				<key>CODE_SIGN_IDENTITY[sdk=iphoneos*]</key>
				<string>iPhone Developer</string>
				<key>DEVELOPMENT_TEAM</key>
				<string>LMYKZ4EGC6</string>
				<key>INFOPLIST_FILE</key>
				<string>DishemMerchant/Info.plist</string>
				<key>IPHONEOS_DEPLOYMENT_TARGET</key>
				<string>10.0</string>
				<key>LD_RUNPATH_SEARCH_PATHS</key>
				<string>$(inherited) @executable_path/Frameworks</string>
				<key>PRODUCT_BUNDLE_IDENTIFIER</key>
				<string>com.dishem.DishemBusiness</string>
				<key>PRODUCT_NAME</key>
				<string>$(TARGET_NAME)</string>
				<key>PROVISIONING_PROFILE</key>
				<string></string>
				<key>SWIFT_VERSION</key>
				<string>3.0</string>
				<key>TARGETED_DEVICE_FAMILY</key>
				<string>1,2</string>
			</dict>
			<key>isa</key>
			<string>XCBuildConfiguration</string>
			<key>name</key>
			<string>Release</string>
		</dict>
		<key>C3473B021D4233CF00A44CC3</key>
		<dict>
			<key>fileEncoding</key>
			<string>4</string>
			<key>isa</key>
			<string>PBXFileReference</string>
			<key>lastKnownFileType</key>
			<string>file.storyboard</string>
			<key>path</key>
			<string>Main.storyboard</string>
			<key>sourceTree</key>
			<string>&lt;group&gt;</string>
		</dict>
		<key>C3473B031D4233CF00A44CC3</key>
		<dict>
			<key>fileRef</key>
			<string>C3473B021D4233CF00A44CC3</string>
			<key>isa</key>
			<string>PBXBuildFile</string>
		</dict>
		<key>C3473B051D42340100A44CC3</key>
		<dict>
			<key>fileEncoding</key>
			<string>4</string>
			<key>isa</key>
			<string>PBXFileReference</string>
			<key>lastKnownFileType</key>
			<string>sourcecode.swift</string>
			<key>path</key>
			<string>DashBoardVC.swift</string>
			<key>sourceTree</key>
			<string>&lt;group&gt;</string>
		</dict>
		<key>C3473B061D42340100A44CC3</key>
		<dict>
			<key>fileEncoding</key>
			<string>4</string>
			<key>isa</key>
			<string>PBXFileReference</string>
			<key>lastKnownFileType</key>
			<string>sourcecode.swift</string>
			<key>path</key>
			<string>DesignAnOfferVC.swift</string>
			<key>sourceTree</key>
			<string>&lt;group&gt;</string>
		</dict>
		<key>C3473B071D42340100A44CC3</key>
		<dict>
			<key>fileEncoding</key>
			<string>4</string>
			<key>isa</key>
			<string>PBXFileReference</string>
			<key>lastKnownFileType</key>
			<string>sourcecode.swift</string>
			<key>path</key>
			<string>DiscountOfferVC.swift</string>
			<key>sourceTree</key>
			<string>&lt;group&gt;</string>
		</dict>
		<key>C3473B081D42340100A44CC3</key>
		<dict>
			<key>fileEncoding</key>
			<string>4</string>
			<key>isa</key>
			<string>PBXFileReference</string>
			<key>lastKnownFileType</key>
			<string>sourcecode.swift</string>
			<key>path</key>
			<string>PercentageDiscountOfferVC.swift</string>
			<key>sourceTree</key>
			<string>&lt;group&gt;</string>
		</dict>
		<key>C3473B091D42340100A44CC3</key>
		<dict>
			<key>fileEncoding</key>
			<string>4</string>
			<key>isa</key>
			<string>PBXFileReference</string>
			<key>lastKnownFileType</key>
			<string>sourcecode.swift</string>
			<key>path</key>
			<string>RupeesDiscountOfferVC.swift</string>
			<key>sourceTree</key>
			<string>&lt;group&gt;</string>
		</dict>
		<key>C3473B0A1D42340100A44CC3</key>
		<dict>
			<key>fileEncoding</key>
			<string>4</string>
			<key>isa</key>
			<string>PBXFileReference</string>
			<key>lastKnownFileType</key>
			<string>sourcecode.swift</string>
			<key>path</key>
			<string>TransactionsVC.swift</string>
			<key>sourceTree</key>
			<string>&lt;group&gt;</string>
		</dict>
		<key>C3473B0B1D42340100A44CC3</key>
		<dict>
			<key>fileEncoding</key>
			<string>4</string>
			<key>isa</key>
			<string>PBXFileReference</string>
			<key>lastKnownFileType</key>
			<string>sourcecode.swift</string>
			<key>path</key>
			<string>TransactionCVCell.swift</string>
			<key>sourceTree</key>
			<string>&lt;group&gt;</string>
		</dict>
		<key>C3473B0C1D42340100A44CC3</key>
		<dict>
			<key>fileEncoding</key>
			<string>4</string>
			<key>isa</key>
			<string>PBXFileReference</string>
			<key>lastKnownFileType</key>
			<string>sourcecode.swift</string>
			<key>path</key>
			<string>OutletTransactionTVCell.swift</string>
			<key>sourceTree</key>
			<string>&lt;group&gt;</string>
		</dict>
		<key>C3473B0D1D42340100A44CC3</key>
		<dict>
			<key>fileEncoding</key>
			<string>4</string>
			<key>isa</key>
			<string>PBXFileReference</string>
			<key>lastKnownFileType</key>
			<string>sourcecode.swift</string>
			<key>path</key>
			<string>FreebiesOfferVC.swift</string>
			<key>sourceTree</key>
			<string>&lt;group&gt;</string>
		</dict>
		<key>C3473B0E1D42340100A44CC3</key>
		<dict>
			<key>fileEncoding</key>
			<string>4</string>
			<key>isa</key>
			<string>PBXFileReference</string>
			<key>lastKnownFileType</key>
			<string>sourcecode.swift</string>
			<key>path</key>
			<string>CombinedOfferVC.swift</string>
			<key>sourceTree</key>
			<string>&lt;group&gt;</string>
		</dict>
		<key>C3473B0F1D42340100A44CC3</key>
		<dict>
			<key>fileEncoding</key>
			<string>4</string>
			<key>isa</key>
			<string>PBXFileReference</string>
			<key>lastKnownFileType</key>
			<string>sourcecode.swift</string>
			<key>path</key>
			<string>BillValueOfferVC.swift</string>
			<key>sourceTree</key>
			<string>&lt;group&gt;</string>
		</dict>
		<key>C3473B101D42340100A44CC3</key>
		<dict>
			<key>fileEncoding</key>
			<string>4</string>
			<key>isa</key>
			<string>PBXFileReference</string>
			<key>lastKnownFileType</key>
			<string>sourcecode.swift</string>
			<key>path</key>
			<string>FixedRateOfferVC.swift</string>
			<key>sourceTree</key>
			<string>&lt;group&gt;</string>
		</dict>
		<key>C3473B111D42340100A44CC3</key>
		<dict>
			<key>fileEncoding</key>
			<string>4</string>
			<key>isa</key>
			<string>PBXFileReference</string>
			<key>lastKnownFileType</key>
			<string>sourcecode.swift</string>
			<key>path</key>
			<string>DiscountOfferAdvVC.swift</string>
			<key>sourceTree</key>
			<string>&lt;group&gt;</string>
		</dict>
		<key>C3473B121D42340100A44CC3</key>
		<dict>
			<key>fileEncoding</key>
			<string>4</string>
			<key>isa</key>
			<string>PBXFileReference</string>
			<key>lastKnownFileType</key>
			<string>sourcecode.swift</string>
			<key>path</key>
			<string>RupeeDiscountOfferAdvVC.swift</string>
			<key>sourceTree</key>
			<string>&lt;group&gt;</string>
		</dict>
		<key>C3473B131D42340100A44CC3</key>
		<dict>
			<key>fileEncoding</key>
			<string>4</string>
			<key>isa</key>
			<string>PBXFileReference</string>
			<key>lastKnownFileType</key>
			<string>sourcecode.swift</string>
			<key>path</key>
			<string>PercentageDiscountOfferAdvVC.swift</string>
			<key>sourceTree</key>
			<string>&lt;group&gt;</string>
		</dict>
		<key>C3473B141D42340100A44CC3</key>
		<dict>
			<key>fileEncoding</key>
			<string>4</string>
			<key>isa</key>
			<string>PBXFileReference</string>
			<key>lastKnownFileType</key>
			<string>sourcecode.swift</string>
			<key>path</key>
			<string>myOutletVC.swift</string>
			<key>sourceTree</key>
			<string>&lt;group&gt;</string>
		</dict>
		<key>C3473B151D42340100A44CC3</key>
		<dict>
			<key>fileEncoding</key>
			<string>4</string>
			<key>isa</key>
			<string>PBXFileReference</string>
			<key>lastKnownFileType</key>
			<string>sourcecode.swift</string>
			<key>path</key>
			<string>myOutletCVCell.swift</string>
			<key>sourceTree</key>
			<string>&lt;group&gt;</string>
		</dict>
		<key>C3473B171D42340100A44CC3</key>
		<dict>
			<key>fileRef</key>
			<string>C3473B051D42340100A44CC3</string>
			<key>isa</key>
			<string>PBXBuildFile</string>
		</dict>
		<key>C3473B181D42340100A44CC3</key>
		<dict>
			<key>fileRef</key>
			<string>C3473B061D42340100A44CC3</string>
			<key>isa</key>
			<string>PBXBuildFile</string>
		</dict>
		<key>C3473B191D42340100A44CC3</key>
		<dict>
			<key>fileRef</key>
			<string>C3473B071D42340100A44CC3</string>
			<key>isa</key>
			<string>PBXBuildFile</string>
		</dict>
		<key>C3473B1A1D42340100A44CC3</key>
		<dict>
			<key>fileRef</key>
			<string>C3473B081D42340100A44CC3</string>
			<key>isa</key>
			<string>PBXBuildFile</string>
		</dict>
		<key>C3473B1B1D42340100A44CC3</key>
		<dict>
			<key>fileRef</key>
			<string>C3473B091D42340100A44CC3</string>
			<key>isa</key>
			<string>PBXBuildFile</string>
		</dict>
		<key>C3473B1C1D42340100A44CC3</key>
		<dict>
			<key>fileRef</key>
			<string>C3473B0A1D42340100A44CC3</string>
			<key>isa</key>
			<string>PBXBuildFile</string>
		</dict>
		<key>C3473B1D1D42340100A44CC3</key>
		<dict>
			<key>fileRef</key>
			<string>C3473B0B1D42340100A44CC3</string>
			<key>isa</key>
			<string>PBXBuildFile</string>
		</dict>
		<key>C3473B1E1D42340100A44CC3</key>
		<dict>
			<key>fileRef</key>
			<string>C3473B0C1D42340100A44CC3</string>
			<key>isa</key>
			<string>PBXBuildFile</string>
		</dict>
		<key>C3473B1F1D42340100A44CC3</key>
		<dict>
			<key>fileRef</key>
			<string>C3473B0D1D42340100A44CC3</string>
			<key>isa</key>
			<string>PBXBuildFile</string>
		</dict>
		<key>C3473B201D42340100A44CC3</key>
		<dict>
			<key>fileRef</key>
			<string>C3473B0E1D42340100A44CC3</string>
			<key>isa</key>
			<string>PBXBuildFile</string>
		</dict>
		<key>C3473B211D42340100A44CC3</key>
		<dict>
			<key>fileRef</key>
			<string>C3473B0F1D42340100A44CC3</string>
			<key>isa</key>
			<string>PBXBuildFile</string>
		</dict>
		<key>C3473B221D42340100A44CC3</key>
		<dict>
			<key>fileRef</key>
			<string>C3473B101D42340100A44CC3</string>
			<key>isa</key>
			<string>PBXBuildFile</string>
		</dict>
		<key>C3473B231D42340100A44CC3</key>
		<dict>
			<key>fileRef</key>
			<string>C3473B111D42340100A44CC3</string>
			<key>isa</key>
			<string>PBXBuildFile</string>
		</dict>
		<key>C3473B241D42340100A44CC3</key>
		<dict>
			<key>fileRef</key>
			<string>C3473B121D42340100A44CC3</string>
			<key>isa</key>
			<string>PBXBuildFile</string>
		</dict>
		<key>C3473B251D42340100A44CC3</key>
		<dict>
			<key>fileRef</key>
			<string>C3473B131D42340100A44CC3</string>
			<key>isa</key>
			<string>PBXBuildFile</string>
		</dict>
		<key>C3473B261D42340100A44CC3</key>
		<dict>
			<key>fileRef</key>
			<string>C3473B141D42340100A44CC3</string>
			<key>isa</key>
			<string>PBXBuildFile</string>
		</dict>
		<key>C3473B271D42340100A44CC3</key>
		<dict>
			<key>fileRef</key>
			<string>C3473B151D42340100A44CC3</string>
			<key>isa</key>
			<string>PBXBuildFile</string>
		</dict>
		<key>C3473B2A1D423B6600A44CC3</key>
		<dict>
			<key>fileEncoding</key>
			<string>4</string>
			<key>isa</key>
			<string>PBXFileReference</string>
			<key>lastKnownFileType</key>
			<string>sourcecode.swift</string>
			<key>path</key>
			<string>LoginVC.swift</string>
			<key>sourceTree</key>
			<string>&lt;group&gt;</string>
		</dict>
		<key>C3473B2B1D423B6600A44CC3</key>
		<dict>
			<key>fileRef</key>
			<string>C3473B2A1D423B6600A44CC3</string>
			<key>isa</key>
			<string>PBXBuildFile</string>
		</dict>
		<key>D275E62F183D4C9BB0A4D854</key>
		<dict>
			<key>includeInIndex</key>
			<string>1</string>
			<key>isa</key>
			<string>PBXFileReference</string>
			<key>lastKnownFileType</key>
			<string>text.xcconfig</string>
			<key>name</key>
			<string>Pods-DishemMerchant.release.xcconfig</string>
			<key>path</key>
			<string>Pods/Target Support Files/Pods-DishemMerchant/Pods-DishemMerchant.release.xcconfig</string>
			<key>sourceTree</key>
			<string>&lt;group&gt;</string>
		</dict>
		<key>EF2029541D6483A100F232AC</key>
		<dict>
			<key>fileEncoding</key>
			<string>4</string>
			<key>isa</key>
			<string>PBXFileReference</string>
			<key>lastKnownFileType</key>
			<string>sourcecode.swift</string>
			<key>path</key>
			<string>offerTemplatesVC.swift</string>
			<key>sourceTree</key>
			<string>&lt;group&gt;</string>
		</dict>
		<key>EF2029551D6483A100F232AC</key>
		<dict>
			<key>fileRef</key>
			<string>EF2029541D6483A100F232AC</string>
			<key>isa</key>
			<string>PBXBuildFile</string>
		</dict>
		<key>EF2029581D6484B400F232AC</key>
		<dict>
			<key>fileEncoding</key>
			<string>4</string>
			<key>isa</key>
			<string>PBXFileReference</string>
			<key>lastKnownFileType</key>
			<string>sourcecode.swift</string>
			<key>name</key>
			<string>offerTemplatesCVCell.swift</string>
			<key>path</key>
			<string>../offerTemplatesCVCell.swift</string>
			<key>sourceTree</key>
			<string>&lt;group&gt;</string>
		</dict>
		<key>EF2029591D6484B400F232AC</key>
		<dict>
			<key>fileRef</key>
			<string>EF2029581D6484B400F232AC</string>
			<key>isa</key>
			<string>PBXBuildFile</string>
		</dict>
		<key>EF20295A1D64851D00F232AC</key>
		<dict>
			<key>fileEncoding</key>
			<string>4</string>
			<key>isa</key>
			<string>PBXFileReference</string>
			<key>lastKnownFileType</key>
			<string>sourcecode.swift</string>
			<key>path</key>
			<string>offerTemplateTVCell.swift</string>
			<key>sourceTree</key>
			<string>&lt;group&gt;</string>
		</dict>
		<key>EF20295B1D64851D00F232AC</key>
		<dict>
			<key>fileRef</key>
			<string>EF20295A1D64851D00F232AC</string>
			<key>isa</key>
			<string>PBXBuildFile</string>
		</dict>
		<key>EF544F661D6333130078B80A</key>
		<dict>
			<key>fileEncoding</key>
			<string>4</string>
			<key>isa</key>
			<string>PBXFileReference</string>
			<key>lastKnownFileType</key>
			<string>sourcecode.swift</string>
			<key>name</key>
			<string>managerReviewTVCell.swift</string>
			<key>path</key>
			<string>../managerReviewTVCell.swift</string>
			<key>sourceTree</key>
			<string>&lt;group&gt;</string>
		</dict>
		<key>EF544F671D6333130078B80A</key>
		<dict>
			<key>fileRef</key>
			<string>EF544F661D6333130078B80A</string>
			<key>isa</key>
			<string>PBXBuildFile</string>
		</dict>
		<key>EFB15C4E1D585031009B7BC7</key>
		<dict>
			<key>fileEncoding</key>
			<string>4</string>
			<key>isa</key>
			<string>PBXFileReference</string>
			<key>lastKnownFileType</key>
			<string>file.storyboard</string>
			<key>path</key>
			<string>nireesh.storyboard</string>
			<key>sourceTree</key>
			<string>&lt;group&gt;</string>
		</dict>
		<key>EFB15C4F1D585031009B7BC7</key>
		<dict>
			<key>fileRef</key>
			<string>EFB15C4E1D585031009B7BC7</string>
			<key>isa</key>
			<string>PBXBuildFile</string>
		</dict>
		<key>EFF272521D6322BB00DE7F91</key>
		<dict>
			<key>fileEncoding</key>
			<string>4</string>
			<key>isa</key>
			<string>PBXFileReference</string>
			<key>lastKnownFileType</key>
			<string>sourcecode.swift</string>
			<key>name</key>
			<string>managerReviewVC.swift</string>
			<key>path</key>
			<string>../managerReviewVC.swift</string>
			<key>sourceTree</key>
			<string>&lt;group&gt;</string>
		</dict>
		<key>EFF272531D6322BB00DE7F91</key>
		<dict>
			<key>fileRef</key>
			<string>EFF272521D6322BB00DE7F91</string>
			<key>isa</key>
			<string>PBXBuildFile</string>
		</dict>
		<key>EFF272541D63237300DE7F91</key>
		<dict>
			<key>fileEncoding</key>
			<string>4</string>
			<key>isa</key>
			<string>PBXFileReference</string>
			<key>lastKnownFileType</key>
			<string>sourcecode.swift</string>
			<key>path</key>
			<string>managerReviewCVcell.swift</string>
			<key>sourceTree</key>
			<string>&lt;group&gt;</string>
		</dict>
		<key>EFF272551D63237300DE7F91</key>
		<dict>
			<key>fileRef</key>
			<string>EFF272541D63237300DE7F91</string>
			<key>isa</key>
			<string>PBXBuildFile</string>
		</dict>
		<key>FA4A7D581D53530100D1F3F7</key>
		<dict>
			<key>fileEncoding</key>
			<string>4</string>
			<key>isa</key>
			<string>PBXFileReference</string>
			<key>lastKnownFileType</key>
			<string>file.storyboard</string>
			<key>path</key>
			<string>revs.storyboard</string>
			<key>sourceTree</key>
			<string>&lt;group&gt;</string>
		</dict>
		<key>FA4A7D591D53530100D1F3F7</key>
		<dict>
			<key>fileRef</key>
			<string>FA4A7D581D53530100D1F3F7</string>
			<key>isa</key>
			<string>PBXBuildFile</string>
		</dict>
		<key>FA783F831D5AE31800389B22</key>
		<dict>
			<key>children</key>
			<array>
				<string>015B588F1D52048200A53B1E</string>
				<string>C3473B0F1D42340100A44CC3</string>
				<string>C3473B0E1D42340100A44CC3</string>
				<string>C3473B051D42340100A44CC3</string>
				<string>C3473B061D42340100A44CC3</string>
				<string>C3473B111D42340100A44CC3</string>
				<string>C3473B071D42340100A44CC3</string>
				<string>C3473B101D42340100A44CC3</string>
				<string>C3473B0D1D42340100A44CC3</string>
				<string>C3473B2A1D423B6600A44CC3</string>
				<string>EFF272521D6322BB00DE7F91</string>
				<string>EFF272541D63237300DE7F91</string>
				<string>EF544F661D6333130078B80A</string>
				<string>FA8219EF1D5B3CB800495B54</string>
				<string>FA8219F11D5B508A00495B54</string>
				<string>015B58911D521FB300A53B1E</string>
				<string>C3473B141D42340100A44CC3</string>
				<string>C3473B151D42340100A44CC3</string>
				<string>EF2029541D6483A100F232AC</string>
				<string>EF2029581D6484B400F232AC</string>
				<string>EF20295A1D64851D00F232AC</string>
				<string>C3473B0C1D42340100A44CC3</string>
				<string>C3473B081D42340100A44CC3</string>
				<string>C3473B131D42340100A44CC3</string>
				<string>C3473B091D42340100A44CC3</string>
				<string>C3473B121D42340100A44CC3</string>
				<string>FAB08CE41D54BEBD005965D1</string>
				<string>C3473B0A1D42340100A44CC3</string>
				<string>C3473B0B1D42340100A44CC3</string>
				<string>9D7FAE331D5DD63000528782</string>
			</array>
			<key>isa</key>
			<string>PBXGroup</string>
			<key>name</key>
			<string>controllers</string>
			<key>sourceTree</key>
			<string>&lt;group&gt;</string>
		</dict>
		<key>FA783F841D5AE33000389B22</key>
		<dict>
			<key>children</key>
			<array>
				<string>9D4D23381D5ABA2300121A9C</string>
				<string>C3473AF91D4233AA00A44CC3</string>
				<string>C3473B021D4233CF00A44CC3</string>
				<string>EFB15C4E1D585031009B7BC7</string>
				<string>FA4A7D581D53530100D1F3F7</string>
				<string>FAC2C9461D54C9F000779FE3</string>
			</array>
			<key>isa</key>
			<string>PBXGroup</string>
			<key>name</key>
			<string>views</string>
			<key>sourceTree</key>
			<string>&lt;group&gt;</string>
		</dict>
		<key>FA8219ED1D5B0F7700495B54</key>
		<dict>
			<key>fileEncoding</key>
			<string>4</string>
			<key>isa</key>
			<string>PBXFileReference</string>
			<key>lastKnownFileType</key>
			<string>text</string>
			<key>path</key>
			<string>Podfile</string>
			<key>sourceTree</key>
			<string>&lt;group&gt;</string>
			<key>xcLanguageSpecificationIdentifier</key>
			<string>xcode.lang.ruby</string>
		</dict>
		<key>FA8219EE1D5B0F7700495B54</key>
		<dict>
			<key>fileRef</key>
			<string>FA8219ED1D5B0F7700495B54</string>
			<key>isa</key>
			<string>PBXBuildFile</string>
		</dict>
		<key>FA8219EF1D5B3CB800495B54</key>
		<dict>
			<key>fileEncoding</key>
			<string>4</string>
			<key>isa</key>
			<string>PBXFileReference</string>
			<key>lastKnownFileType</key>
			<string>sourcecode.swift</string>
			<key>path</key>
			<string>MenuCategoriesVC.swift</string>
			<key>sourceTree</key>
			<string>&lt;group&gt;</string>
		</dict>
		<key>FA8219F01D5B3CB800495B54</key>
		<dict>
			<key>fileRef</key>
			<string>FA8219EF1D5B3CB800495B54</string>
			<key>isa</key>
			<string>PBXBuildFile</string>
		</dict>
		<key>FA8219F11D5B508A00495B54</key>
		<dict>
			<key>fileEncoding</key>
			<string>4</string>
			<key>isa</key>
			<string>PBXFileReference</string>
			<key>lastKnownFileType</key>
			<string>sourcecode.swift</string>
			<key>path</key>
			<string>MenuItemsVc.swift</string>
			<key>sourceTree</key>
			<string>&lt;group&gt;</string>
		</dict>
		<key>FA8219F21D5B508A00495B54</key>
		<dict>
			<key>fileRef</key>
			<string>FA8219F11D5B508A00495B54</string>
			<key>isa</key>
			<string>PBXBuildFile</string>
		</dict>
		<key>FAB08CE41D54BEBD005965D1</key>
		<dict>
			<key>fileEncoding</key>
			<string>4</string>
			<key>isa</key>
			<string>PBXFileReference</string>
			<key>lastKnownFileType</key>
			<string>sourcecode.swift</string>
			<key>path</key>
			<string>SignUpVC.swift</string>
			<key>sourceTree</key>
			<string>&lt;group&gt;</string>
		</dict>
		<key>FAB08CE51D54BEBD005965D1</key>
		<dict>
			<key>fileRef</key>
			<string>FAB08CE41D54BEBD005965D1</string>
			<key>isa</key>
			<string>PBXBuildFile</string>
		</dict>
		<key>FAC2C9461D54C9F000779FE3</key>
		<dict>
			<key>fileEncoding</key>
			<string>4</string>
			<key>isa</key>
			<string>PBXFileReference</string>
			<key>lastKnownFileType</key>
			<string>file.storyboard</string>
			<key>path</key>
			<string>shaky.storyboard</string>
			<key>sourceTree</key>
			<string>&lt;group&gt;</string>
		</dict>
		<key>FAC2C9471D54C9F000779FE3</key>
		<dict>
			<key>fileRef</key>
			<string>FAC2C9461D54C9F000779FE3</string>
			<key>isa</key>
			<string>PBXBuildFile</string>
		</dict>
		<key>FAC2C9481D54FA5C00779FE3</key>
		<dict>
			<key>isa</key>
			<string>PBXFileReference</string>
			<key>lastKnownFileType</key>
			<string>image.png</string>
			<key>path</key>
			<string>crcombinedoffers.png</string>
			<key>sourceTree</key>
			<string>&lt;group&gt;</string>
		</dict>
		<key>FAC2C9491D54FA5C00779FE3</key>
		<dict>
			<key>isa</key>
			<string>PBXFileReference</string>
			<key>lastKnownFileType</key>
			<string>image.png</string>
			<key>path</key>
			<string>crdiscountoffers.png</string>
			<key>sourceTree</key>
			<string>&lt;group&gt;</string>
		</dict>
		<key>FAC2C94A1D54FA5C00779FE3</key>
		<dict>
			<key>fileRef</key>
			<string>FAC2C9481D54FA5C00779FE3</string>
			<key>isa</key>
			<string>PBXBuildFile</string>
		</dict>
		<key>FAC2C94B1D54FA5C00779FE3</key>
		<dict>
			<key>fileRef</key>
			<string>FAC2C9491D54FA5C00779FE3</string>
			<key>isa</key>
			<string>PBXBuildFile</string>
		</dict>
		<key>FAC2C94C1D54FA6E00779FE3</key>
		<dict>
			<key>children</key>
			<array>
				<string>FAC2C94F1D54FA9D00779FE3</string>
				<string>FAC2C9551D54FABA00779FE3</string>
				<string>FAC2C9531D54FAB100779FE3</string>
				<string>FAC2C9571D54FAC100779FE3</string>
				<string>FAC2C9511D54FAAA00779FE3</string>
				<string>FAC2C94D1D54FA8800779FE3</string>
				<string>FAC2C9481D54FA5C00779FE3</string>
				<string>FAC2C9491D54FA5C00779FE3</string>
			</array>
			<key>isa</key>
			<string>PBXGroup</string>
			<key>name</key>
			<string>images</string>
			<key>sourceTree</key>
			<string>&lt;group&gt;</string>
		</dict>
		<key>FAC2C94D1D54FA8800779FE3</key>
		<dict>
			<key>isa</key>
			<string>PBXFileReference</string>
			<key>lastKnownFileType</key>
			<string>image.png</string>
			<key>name</key>
			<string>crdiscountoffersadv.png</string>
			<key>path</key>
			<string>Assets.xcassets/crdiscountoffersadv.imageset/crdiscountoffersadv.png</string>
			<key>sourceTree</key>
			<string>&lt;group&gt;</string>
		</dict>
		<key>FAC2C94E1D54FA8800779FE3</key>
		<dict>
			<key>fileRef</key>
			<string>FAC2C94D1D54FA8800779FE3</string>
			<key>isa</key>
			<string>PBXBuildFile</string>
		</dict>
		<key>FAC2C94F1D54FA9D00779FE3</key>
		<dict>
			<key>isa</key>
			<string>PBXFileReference</string>
			<key>lastKnownFileType</key>
			<string>image.png</string>
			<key>name</key>
			<string>crdiscountoffersadvanced.png</string>
			<key>path</key>
			<string>Assets.xcassets/crdiscountoffersadvanced.imageset/crdiscountoffersadvanced.png</string>
			<key>sourceTree</key>
			<string>&lt;group&gt;</string>
		</dict>
		<key>FAC2C9501D54FA9D00779FE3</key>
		<dict>
			<key>fileRef</key>
			<string>FAC2C94F1D54FA9D00779FE3</string>
			<key>isa</key>
			<string>PBXBuildFile</string>
		</dict>
		<key>FAC2C9511D54FAAA00779FE3</key>
		<dict>
			<key>isa</key>
			<string>PBXFileReference</string>
			<key>lastKnownFileType</key>
			<string>image.png</string>
			<key>name</key>
			<string>crdiscountoffersimple.png</string>
			<key>path</key>
			<string>Assets.xcassets/crdiscountoffersimple.imageset/crdiscountoffersimple.png</string>
			<key>sourceTree</key>
			<string>&lt;group&gt;</string>
		</dict>
		<key>FAC2C9521D54FAAA00779FE3</key>
		<dict>
			<key>fileRef</key>
			<string>FAC2C9511D54FAAA00779FE3</string>
			<key>isa</key>
			<string>PBXBuildFile</string>
		</dict>
		<key>FAC2C9531D54FAB100779FE3</key>
		<dict>
			<key>isa</key>
			<string>PBXFileReference</string>
			<key>lastKnownFileType</key>
			<string>image.png</string>
			<key>name</key>
			<string>crfixedrateoffers.png</string>
			<key>path</key>
			<string>Assets.xcassets/crfixedrateoffers.imageset/crfixedrateoffers.png</string>
			<key>sourceTree</key>
			<string>&lt;group&gt;</string>
		</dict>
		<key>FAC2C9541D54FAB100779FE3</key>
		<dict>
			<key>fileRef</key>
			<string>FAC2C9531D54FAB100779FE3</string>
			<key>isa</key>
			<string>PBXBuildFile</string>
		</dict>
		<key>FAC2C9551D54FABA00779FE3</key>
		<dict>
			<key>isa</key>
			<string>PBXFileReference</string>
			<key>lastKnownFileType</key>
			<string>image.png</string>
			<key>name</key>
			<string>crfreebiesoffers.png</string>
			<key>path</key>
			<string>Assets.xcassets/crfreebiesoffers.imageset/crfreebiesoffers.png</string>
			<key>sourceTree</key>
			<string>&lt;group&gt;</string>
		</dict>
		<key>FAC2C9561D54FABA00779FE3</key>
		<dict>
			<key>fileRef</key>
			<string>FAC2C9551D54FABA00779FE3</string>
			<key>isa</key>
			<string>PBXBuildFile</string>
		</dict>
		<key>FAC2C9571D54FAC100779FE3</key>
		<dict>
			<key>isa</key>
			<string>PBXFileReference</string>
			<key>lastKnownFileType</key>
			<string>image.png</string>
			<key>name</key>
			<string>crminimumbilloffers.png</string>
			<key>path</key>
			<string>Assets.xcassets/crminimumbilloffers.imageset/crminimumbilloffers.png</string>
			<key>sourceTree</key>
			<string>&lt;group&gt;</string>
		</dict>
		<key>FAC2C9581D54FAC100779FE3</key>
		<dict>
			<key>fileRef</key>
			<string>FAC2C9571D54FAC100779FE3</string>
			<key>isa</key>
			<string>PBXBuildFile</string>
		</dict>
		<key>FBFD20F95204ABAA3DF1556F</key>
		<dict>
			<key>children</key>
			<array>
				<string>B26CA8551DA756EB44019B1C</string>
				<string>D275E62F183D4C9BB0A4D854</string>
			</array>
			<key>isa</key>
			<string>PBXGroup</string>
			<key>name</key>
			<string>Pods</string>
			<key>sourceTree</key>
			<string>&lt;group&gt;</string>
		</dict>
		<key>FCCFD71824F30173DEDEE7C8</key>
		<dict>
			<key>explicitFileType</key>
			<string>wrapper.framework</string>
			<key>includeInIndex</key>
			<string>0</string>
			<key>isa</key>
			<string>PBXFileReference</string>
			<key>path</key>
			<string>Pods_DishemMerchant.framework</string>
			<key>sourceTree</key>
			<string>BUILT_PRODUCTS_DIR</string>
		</dict>
	</dict>
	<key>rootObject</key>
	<string>C3473AE51D4233A900A44CC3</string>
</dict>
</plist>
